
Microsoft Visual Studio Solution File, Format Version 12.00
# Visual Studio Version 16
VisualStudioVersion = 16.0.34407.143
MinimumVisualStudioVersion = 10.0.40219.1
Project("{F184B08F-C81C-45F6-A57F-5ABD9991F28F}") = "Create It", "Create It.vbproj", "{A614D595-B43B-4EC1-A5BA-9FC5B0DAB7CF}"
EndProject
Global
	GlobalSection(SolutionConfigurationPlatforms) = preSolution
		Debug|Any CPU = Debug|Any CPU
		Release|Any CPU = Release|Any CPU
	EndGlobalSection
	GlobalSection(ProjectConfigurationPlatforms) = postSolution
		{A614D595-B43B-4EC1-A5BA-9FC5B0DAB7CF}.Debug|Any CPU.ActiveCfg = Debug|Any CPU
		{A614D595-B43B-4EC1-A5BA-9FC5B0DAB7CF}.Debug|Any CPU.Build.0 = Debug|Any CPU
		{A614D595-B43B-4EC1-A5BA-9FC5B0DAB7CF}.Release|Any CPU.ActiveCfg = Release|Any CPU
		{A614D595-B43B-4EC1-A5BA-9FC5B0DAB7CF}.Release|Any CPU.Build.0 = Release|Any CPU
	EndGlobalSection
	GlobalSection(SolutionProperties) = preSolution
		HideSolutionNode = FALSE
	EndGlobalSection
	GlobalSection(ExtensibilityGlobals) = postSolution
		SolutionGuid = {9FEDF27C-A4C6-4D35-8C06-40C255CEFADD}
	EndGlobalSection
EndGlobal
